
Microsoft Visual Studio Solution File, Format Version 12.00
# Visual Studio Version 17
VisualStudioVersion = 17.5.002.0
MinimumVisualStudioVersion = 10.0.40219.1
Project("{9A19103F-16F7-4668-BE54-9A1E7A4F7556}") = "RPGBackpack", "RPGBackpack.csproj", "{E7481C58-A1EE-449E-B469-335806C4C47C}"
EndProject
Global
	GlobalSection(SolutionConfigurationPlatforms) = preSolution
		Debug|Any CPU = Debug|Any CPU
		Release|Any CPU = Release|Any CPU
	EndGlobalSection
	GlobalSection(ProjectConfigurationPlatforms) = postSolution
		{E7481C58-A1EE-449E-B469-335806C4C47C}.Debug|Any CPU.ActiveCfg = Debug|Any CPU
		{E7481C58-A1EE-449E-B469-335806C4C47C}.Debug|Any CPU.Build.0 = Debug|Any CPU
		{E7481C58-A1EE-449E-B469-335806C4C47C}.Release|Any CPU.ActiveCfg = Release|Any CPU
		{E7481C58-A1EE-449E-B469-335806C4C47C}.Release|Any CPU.Build.0 = Release|Any CPU
	EndGlobalSection
	GlobalSection(SolutionProperties) = preSolution
		HideSolutionNode = FALSE
	EndGlobalSection
	GlobalSection(ExtensibilityGlobals) = postSolution
		SolutionGuid = {BB1D38D6-D199-40FD-91E7-A46951C4D5E2}
	EndGlobalSection
EndGlobal
